
Microsoft Visual Studio Solution File, Format Version 12.00
# Visual Studio Version 17
VisualStudioVersion = 17.9.34902.65
MinimumVisualStudioVersion = 10.0.40219.1
Project("{FAE04EC0-301F-11D3-BF4B-00C04F79EFBC}") = "AdminWPFApp", "AdminWPFApp\AdminWPFApp.csproj", "{0C8C3D5B-FEAE-4594-8D74-1C75B485B6CD}"
EndProject
Global
	GlobalSection(SolutionConfigurationPlatforms) = preSolution
		Debug|Any CPU = Debug|Any CPU
		Release|Any CPU = Release|Any CPU
	EndGlobalSection
	GlobalSection(ProjectConfigurationPlatforms) = postSolution
		{0C8C3D5B-FEAE-4594-8D74-1C75B485B6CD}.Debug|Any CPU.ActiveCfg = Debug|Any CPU
		{0C8C3D5B-FEAE-4594-8D74-1C75B485B6CD}.Debug|Any CPU.Build.0 = Debug|Any CPU
		{0C8C3D5B-FEAE-4594-8D74-1C75B485B6CD}.Release|Any CPU.ActiveCfg = Release|Any CPU
		{0C8C3D5B-FEAE-4594-8D74-1C75B485B6CD}.Release|Any CPU.Build.0 = Release|Any CPU
	EndGlobalSection
	GlobalSection(SolutionProperties) = preSolution
		HideSolutionNode = FALSE
	EndGlobalSection
	GlobalSection(ExtensibilityGlobals) = postSolution
		SolutionGuid = {B8C51111-E7CC-4915-A882-EBF0AF571D22}
	EndGlobalSection
EndGlobal
